
Microsoft Visual Studio Solution File, Format Version 12.00
# Visual Studio Version 17
VisualStudioVersion = 17.9.34902.65
MinimumVisualStudioVersion = 10.0.40219.1
Project("{FAE04EC0-301F-11D3-BF4B-00C04F79EFBC}") = "SuperHeroAPI-DotNet8", "SuperHeroAPI-DotNet8\SuperHeroAPI-DotNet8.csproj", "{CAF3C8AD-3370-49E8-9B33-37871E266352}"
EndProject
Global
	GlobalSection(SolutionConfigurationPlatforms) = preSolution
		Debug|Any CPU = Debug|Any CPU
		Release|Any CPU = Release|Any CPU
	EndGlobalSection
	GlobalSection(ProjectConfigurationPlatforms) = postSolution
		{CAF3C8AD-3370-49E8-9B33-37871E266352}.Debug|Any CPU.ActiveCfg = Debug|Any CPU
		{CAF3C8AD-3370-49E8-9B33-37871E266352}.Debug|Any CPU.Build.0 = Debug|Any CPU
		{CAF3C8AD-3370-49E8-9B33-37871E266352}.Release|Any CPU.ActiveCfg = Release|Any CPU
		{CAF3C8AD-3370-49E8-9B33-37871E266352}.Release|Any CPU.Build.0 = Release|Any CPU
	EndGlobalSection
	GlobalSection(SolutionProperties) = preSolution
		HideSolutionNode = FALSE
	EndGlobalSection
	GlobalSection(ExtensibilityGlobals) = postSolution
		SolutionGuid = {B82EB002-4DAE-4BC6-A8A1-C89FACD18B80}
	EndGlobalSection
EndGlobal
